
Microsoft Visual Studio Solution File, Format Version 12.00
# Visual Studio Version 17
VisualStudioVersion = 17.14.36212.18 d17.14
MinimumVisualStudioVersion = 10.0.40219.1
Project("{FAE04EC0-301F-11D3-BF4B-00C04F79EFBC}") = "WpfApp1", "WpfApp1.csproj", "{224C2F8A-9DBB-421A-8FC1-CDD524D82270}"
EndProject
Global
	GlobalSection(SolutionConfigurationPlatforms) = preSolution
		Debug|Any CPU = Debug|Any CPU
		Release|Any CPU = Release|Any CPU
	EndGlobalSection
	GlobalSection(ProjectConfigurationPlatforms) = postSolution
		{224C2F8A-9DBB-421A-8FC1-CDD524D82270}.Debug|Any CPU.ActiveCfg = Debug|Any CPU
		{224C2F8A-9DBB-421A-8FC1-CDD524D82270}.Debug|Any CPU.Build.0 = Debug|Any CPU
		{224C2F8A-9DBB-421A-8FC1-CDD524D82270}.Release|Any CPU.ActiveCfg = Release|Any CPU
		{224C2F8A-9DBB-421A-8FC1-CDD524D82270}.Release|Any CPU.Build.0 = Release|Any CPU
	EndGlobalSection
	GlobalSection(SolutionProperties) = preSolution
		HideSolutionNode = FALSE
	EndGlobalSection
	GlobalSection(ExtensibilityGlobals) = postSolution
		SolutionGuid = {BDACF91B-A9AF-450C-95F7-42A7EBAF1D50}
	EndGlobalSection
EndGlobal
